// !$*UTF8*$!
{
	archiveVersion = 1;
	classes = {
	};
	objectVersion = 55;
	objects = {

/* Begin PBXBuildFile section */
		068901E0273A9E4400CE4F32 /* FlowersListCollectionViewFlowLayout.swift in Sources */ = {isa = PBXBuildFile; fileRef = 068901DF273A9E4400CE4F32 /* FlowersListCollectionViewFlowLayout.swift */; };
		06C491BF272981F3005C6CF2 /* GoogleService-Info.plist in Resources */ = {isa = PBXBuildFile; fileRef = 06C491BE272981F3005C6CF2 /* GoogleService-Info.plist */; };
		584939CC273BF5BA00746224 /* FlowersListViewTests.swift in Sources */ = {isa = PBXBuildFile; fileRef = 584939CB273BF5BA00746224 /* FlowersListViewTests.swift */; };
		88BD0DD22732B77D00EB958B /* FlowerItemCell.swift in Sources */ = {isa = PBXBuildFile; fileRef = 88BD0DD12732B77D00EB958B /* FlowerItemCell.swift */; };
		9724775B27297CC600158DD9 /* AppDelegate.swift in Sources */ = {isa = PBXBuildFile; fileRef = 9724775A27297CC600158DD9 /* AppDelegate.swift */; };
		9724775D27297CC600158DD9 /* SceneDelegate.swift in Sources */ = {isa = PBXBuildFile; fileRef = 9724775C27297CC600158DD9 /* SceneDelegate.swift */; };
		9724776427297CCC00158DD9 /* Assets.xcassets in Resources */ = {isa = PBXBuildFile; fileRef = 9724776327297CCC00158DD9 /* Assets.xcassets */; };
		9724776727297CCC00158DD9 /* LaunchScreen.storyboard in Resources */ = {isa = PBXBuildFile; fileRef = 9724776527297CCC00158DD9 /* LaunchScreen.storyboard */; };
		9B06DF74272ACC0B00DA2F83 /* FlowersListViewController.swift in Sources */ = {isa = PBXBuildFile; fileRef = 9B06DF73272ACC0B00DA2F83 /* FlowersListViewController.swift */; };
		9B06DF78272ACD6F00DA2F83 /* FlowersListView.swift in Sources */ = {isa = PBXBuildFile; fileRef = 9B06DF77272ACD6F00DA2F83 /* FlowersListView.swift */; };
		9B172BA6274E66F0009230AE /* Flower.swift in Sources */ = {isa = PBXBuildFile; fileRef = 9B172BA5274E66F0009230AE /* Flower.swift */; };
		9B172BAA274E6922009230AE /* flowers.json in Resources */ = {isa = PBXBuildFile; fileRef = 9B172BA9274E6922009230AE /* flowers.json */; };
		9C9349D8BB4227FD7CDD5BAE /* Pods_FlowersStoreTests.framework in Frameworks */ = {isa = PBXBuildFile; fileRef = 9D8AE8BBC1D9C5E29DC71435 /* Pods_FlowersStoreTests.framework */; };
		C88A1FE6272AD1B600ECCBDE /* ViewCode.swift in Sources */ = {isa = PBXBuildFile; fileRef = C88A1FE5272AD1B600ECCBDE /* ViewCode.swift */; };
		C88A1FE8272AD2EA00ECCBDE /* UIView+Constraints.swift in Sources */ = {isa = PBXBuildFile; fileRef = C88A1FE7272AD2EA00ECCBDE /* UIView+Constraints.swift */; };
		C88A2091273BF05700ECCBDE /* FlowerListViewControllerTests.swift in Sources */ = {isa = PBXBuildFile; fileRef = C88A2090273BF05700ECCBDE /* FlowerListViewControllerTests.swift */; };
		C8E24D1B274D158E008B5F6E /* UICollectionViewStub.swift in Sources */ = {isa = PBXBuildFile; fileRef = C8E24D1A274D158E008B5F6E /* UICollectionViewStub.swift */; };
		CE6B96B141FDD603C494FA1E /* Pods_FlowersStore.framework in Frameworks */ = {isa = PBXBuildFile; fileRef = AFBD54BD2B88087787B41122 /* Pods_FlowersStore.framework */; };
/* End PBXBuildFile section */

/* Begin PBXContainerItemProxy section */
		9724776E27297CCD00158DD9 /* PBXContainerItemProxy */ = {
			isa = PBXContainerItemProxy;
			containerPortal = 9724774F27297CC600158DD9 /* Project object */;
			proxyType = 1;
			remoteGlobalIDString = 9724775627297CC600158DD9;
			remoteInfo = FlowersStore;
		};
/* End PBXContainerItemProxy section */

/* Begin PBXFileReference section */
		068901DF273A9E4400CE4F32 /* FlowersListCollectionViewFlowLayout.swift */ = {isa = PBXFileReference; lastKnownFileType = sourcecode.swift; path = FlowersListCollectionViewFlowLayout.swift; sourceTree = "<group>"; };
		06C491BE272981F3005C6CF2 /* GoogleService-Info.plist */ = {isa = PBXFileReference; fileEncoding = 4; lastKnownFileType = text.plist.xml; path = "GoogleService-Info.plist"; sourceTree = "<group>"; };
		584939CB273BF5BA00746224 /* FlowersListViewTests.swift */ = {isa = PBXFileReference; lastKnownFileType = sourcecode.swift; path = FlowersListViewTests.swift; sourceTree = "<group>"; };
		88BD0DD12732B77D00EB958B /* FlowerItemCell.swift */ = {isa = PBXFileReference; lastKnownFileType = sourcecode.swift; path = FlowerItemCell.swift; sourceTree = "<group>"; };
		943D62C7FB6E913807C3C76D /* Pods-FlowersStoreTests.debug.xcconfig */ = {isa = PBXFileReference; includeInIndex = 1; lastKnownFileType = text.xcconfig; name = "Pods-FlowersStoreTests.debug.xcconfig"; path = "Target Support Files/Pods-FlowersStoreTests/Pods-FlowersStoreTests.debug.xcconfig"; sourceTree = "<group>"; };
		9724775727297CC600158DD9 /* FlowersStore.app */ = {isa = PBXFileReference; explicitFileType = wrapper.application; includeInIndex = 0; path = FlowersStore.app; sourceTree = BUILT_PRODUCTS_DIR; };
		9724775A27297CC600158DD9 /* AppDelegate.swift */ = {isa = PBXFileReference; lastKnownFileType = sourcecode.swift; path = AppDelegate.swift; sourceTree = "<group>"; };
		9724775C27297CC600158DD9 /* SceneDelegate.swift */ = {isa = PBXFileReference; lastKnownFileType = sourcecode.swift; path = SceneDelegate.swift; sourceTree = "<group>"; };
		9724776327297CCC00158DD9 /* Assets.xcassets */ = {isa = PBXFileReference; lastKnownFileType = folder.assetcatalog; path = Assets.xcassets; sourceTree = "<group>"; };
		9724776627297CCC00158DD9 /* Base */ = {isa = PBXFileReference; lastKnownFileType = file.storyboard; name = Base; path = Base.lproj/LaunchScreen.storyboard; sourceTree = "<group>"; };
		9724776827297CCC00158DD9 /* Info.plist */ = {isa = PBXFileReference; lastKnownFileType = text.plist.xml; path = Info.plist; sourceTree = "<group>"; };
		9724776D27297CCD00158DD9 /* FlowersStoreTests.xctest */ = {isa = PBXFileReference; explicitFileType = wrapper.cfbundle; includeInIndex = 0; path = FlowersStoreTests.xctest; sourceTree = BUILT_PRODUCTS_DIR; };
		9B06DF73272ACC0B00DA2F83 /* FlowersListViewController.swift */ = {isa = PBXFileReference; lastKnownFileType = sourcecode.swift; path = FlowersListViewController.swift; sourceTree = "<group>"; };
		9B06DF77272ACD6F00DA2F83 /* FlowersListView.swift */ = {isa = PBXFileReference; lastKnownFileType = sourcecode.swift; path = FlowersListView.swift; sourceTree = "<group>"; };
		9B172BA5274E66F0009230AE /* Flower.swift */ = {isa = PBXFileReference; lastKnownFileType = sourcecode.swift; path = Flower.swift; sourceTree = "<group>"; };
		9B172BA9274E6922009230AE /* flowers.json */ = {isa = PBXFileReference; lastKnownFileType = text.json; path = flowers.json; sourceTree = "<group>"; };
		9D8AE8BBC1D9C5E29DC71435 /* Pods_FlowersStoreTests.framework */ = {isa = PBXFileReference; explicitFileType = wrapper.framework; includeInIndex = 0; path = Pods_FlowersStoreTests.framework; sourceTree = BUILT_PRODUCTS_DIR; };
		9DF5EFB8670B9CBC32486B1F /* Pods-FlowersStore.debug.xcconfig */ = {isa = PBXFileReference; includeInIndex = 1; lastKnownFileType = text.xcconfig; name = "Pods-FlowersStore.debug.xcconfig"; path = "Target Support Files/Pods-FlowersStore/Pods-FlowersStore.debug.xcconfig"; sourceTree = "<group>"; };
		AFBD54BD2B88087787B41122 /* Pods_FlowersStore.framework */ = {isa = PBXFileReference; explicitFileType = wrapper.framework; includeInIndex = 0; path = Pods_FlowersStore.framework; sourceTree = BUILT_PRODUCTS_DIR; };
		C88A1FE5272AD1B600ECCBDE /* ViewCode.swift */ = {isa = PBXFileReference; lastKnownFileType = sourcecode.swift; path = ViewCode.swift; sourceTree = "<group>"; };
		C88A1FE7272AD2EA00ECCBDE /* UIView+Constraints.swift */ = {isa = PBXFileReference; lastKnownFileType = sourcecode.swift; path = "UIView+Constraints.swift"; sourceTree = "<group>"; };
		C88A2090273BF05700ECCBDE /* FlowerListViewControllerTests.swift */ = {isa = PBXFileReference; lastKnownFileType = sourcecode.swift; path = FlowerListViewControllerTests.swift; sourceTree = "<group>"; };
		C8E24D1A274D158E008B5F6E /* UICollectionViewStub.swift */ = {isa = PBXFileReference; lastKnownFileType = sourcecode.swift; path = UICollectionViewStub.swift; sourceTree = "<group>"; };
		CFD78FEF3D61F88B30FDDA74 /* Pods-FlowersStore.release.xcconfig */ = {isa = PBXFileReference; includeInIndex = 1; lastKnownFileType = text.xcconfig; name = "Pods-FlowersStore.release.xcconfig"; path = "Target Support Files/Pods-FlowersStore/Pods-FlowersStore.release.xcconfig"; sourceTree = "<group>"; };
		D55641B5759F5ADCBC7704CF /* Pods-FlowersStoreTests.release.xcconfig */ = {isa = PBXFileReference; includeInIndex = 1; lastKnownFileType = text.xcconfig; name = "Pods-FlowersStoreTests.release.xcconfig"; path = "Target Support Files/Pods-FlowersStoreTests/Pods-FlowersStoreTests.release.xcconfig"; sourceTree = "<group>"; };
/* End PBXFileReference section */

/* Begin PBXFrameworksBuildPhase section */
		9724775427297CC600158DD9 /* Frameworks */ = {
			isa = PBXFrameworksBuildPhase;
			buildActionMask = 2147483647;
			files = (
				CE6B96B141FDD603C494FA1E /* Pods_FlowersStore.framework in Frameworks */,
			);
			runOnlyForDeploymentPostprocessing = 0;
		};
		9724776A27297CCD00158DD9 /* Frameworks */ = {
			isa = PBXFrameworksBuildPhase;
			buildActionMask = 2147483647;
			files = (
				9C9349D8BB4227FD7CDD5BAE /* Pods_FlowersStoreTests.framework in Frameworks */,
			);
			runOnlyForDeploymentPostprocessing = 0;
		};
/* End PBXFrameworksBuildPhase section */

/* Begin PBXGroup section */
		3C151A7D43DC6863D5814081 /* Frameworks */ = {
			isa = PBXGroup;
			children = (
				AFBD54BD2B88087787B41122 /* Pods_FlowersStore.framework */,
				9D8AE8BBC1D9C5E29DC71435 /* Pods_FlowersStoreTests.framework */,
			);
			name = Frameworks;
			sourceTree = "<group>";
		};
		9724774E27297CC600158DD9 = {
			isa = PBXGroup;
			children = (
				9724775927297CC600158DD9 /* FlowersStore */,
				9724777027297CCD00158DD9 /* FlowersStoreTests */,
				9724775827297CC600158DD9 /* Products */,
				DB9B8144ACD15A5A3DD37527 /* Pods */,
				3C151A7D43DC6863D5814081 /* Frameworks */,
			);
			sourceTree = "<group>";
		};
		9724775827297CC600158DD9 /* Products */ = {
			isa = PBXGroup;
			children = (
				9724775727297CC600158DD9 /* FlowersStore.app */,
				9724776D27297CCD00158DD9 /* FlowersStoreTests.xctest */,
			);
			name = Products;
			sourceTree = "<group>";
		};
		9724775927297CC600158DD9 /* FlowersStore */ = {
			isa = PBXGroup;
			children = (
				C88A1FE3272AD19000ECCBDE /* Utils */,
				06C491BE272981F3005C6CF2 /* GoogleService-Info.plist */,
				9724775A27297CC600158DD9 /* AppDelegate.swift */,
				9724775C27297CC600158DD9 /* SceneDelegate.swift */,
				9724776327297CCC00158DD9 /* Assets.xcassets */,
				9724776527297CCC00158DD9 /* LaunchScreen.storyboard */,
				9724776827297CCC00158DD9 /* Info.plist */,
				9B06DF75272ACD4F00DA2F83 /* Scenes */,
			);
			path = FlowersStore;
			sourceTree = "<group>";
		};
		9724777027297CCD00158DD9 /* FlowersStoreTests */ = {
			isa = PBXGroup;
			children = (
				C8E24D18274D14C9008B5F6E /* Mocks */,
				C88A208F273BF00C00ECCBDE /* FlowersList */,
			);
			path = FlowersStoreTests;
			sourceTree = "<group>";
		};
		9B06DF75272ACD4F00DA2F83 /* Scenes */ = {
			isa = PBXGroup;
			children = (
				9B06DF76272ACD5700DA2F83 /* FlowersList */,
			);
			path = Scenes;
			sourceTree = "<group>";
		};
		9B06DF76272ACD5700DA2F83 /* FlowersList */ = {
			isa = PBXGroup;
			children = (
				9B172BA4274E66E1009230AE /* Models */,
				9B06DF73272ACC0B00DA2F83 /* FlowersListViewController.swift */,
				9B06DF77272ACD6F00DA2F83 /* FlowersListView.swift */,
				88BD0DD12732B77D00EB958B /* FlowerItemCell.swift */,
				068901DF273A9E4400CE4F32 /* FlowersListCollectionViewFlowLayout.swift */,
			);
			path = FlowersList;
			sourceTree = "<group>";
		};
		9B172BA4274E66E1009230AE /* Models */ = {
			isa = PBXGroup;
			children = (
				9B172BA5274E66F0009230AE /* Flower.swift */,
			);
			path = Models;
			sourceTree = "<group>";
		};
		9B172BA8274E6915009230AE /* Stubs */ = {
			isa = PBXGroup;
			children = (
				9B172BA9274E6922009230AE /* flowers.json */,
			);
			path = Stubs;
			sourceTree = "<group>";
		};
		C88A1FE3272AD19000ECCBDE /* Utils */ = {
			isa = PBXGroup;
			children = (
				C8E24D19274D152D008B5F6E /* Protocols */,
				C88A1FE4272AD1A600ECCBDE /* Layout */,
			);
			path = Utils;
			sourceTree = "<group>";
		};
		C88A1FE4272AD1A600ECCBDE /* Layout */ = {
			isa = PBXGroup;
			children = (
				C88A1FE5272AD1B600ECCBDE /* ViewCode.swift */,
				C88A1FE7272AD2EA00ECCBDE /* UIView+Constraints.swift */,
			);
			path = Layout;
			sourceTree = "<group>";
		};
		C88A208F273BF00C00ECCBDE /* FlowersList */ = {
			isa = PBXGroup;
			children = (
				9B172BA8274E6915009230AE /* Stubs */,
				C88A2090273BF05700ECCBDE /* FlowerListViewControllerTests.swift */,
				584939CB273BF5BA00746224 /* FlowersListViewTests.swift */,
			);
			path = FlowersList;
			sourceTree = "<group>";
		};
		C8E24D18274D14C9008B5F6E /* Mocks */ = {
			isa = PBXGroup;
			children = (
				C8E24D1A274D158E008B5F6E /* UICollectionViewStub.swift */,
			);
			path = Mocks;
			sourceTree = "<group>";
		};
		C8E24D19274D152D008B5F6E /* Protocols */ = {
			isa = PBXGroup;
			children = (
			);
			path = Protocols;
			sourceTree = "<group>";
		};
		DB9B8144ACD15A5A3DD37527 /* Pods */ = {
			isa = PBXGroup;
			children = (
				9DF5EFB8670B9CBC32486B1F /* Pods-FlowersStore.debug.xcconfig */,
				CFD78FEF3D61F88B30FDDA74 /* Pods-FlowersStore.release.xcconfig */,
				943D62C7FB6E913807C3C76D /* Pods-FlowersStoreTests.debug.xcconfig */,
				D55641B5759F5ADCBC7704CF /* Pods-FlowersStoreTests.release.xcconfig */,
			);
			path = Pods;
			sourceTree = "<group>";
		};
/* End PBXGroup section */

/* Begin PBXNativeTarget section */
		9724775627297CC600158DD9 /* FlowersStore */ = {
			isa = PBXNativeTarget;
			buildConfigurationList = 9724778127297CCD00158DD9 /* Build configuration list for PBXNativeTarget "FlowersStore" */;
			buildPhases = (
				5A4C7B7B4B6BF1C33B4DAB54 /* [CP] Check Pods Manifest.lock */,
				9724775327297CC600158DD9 /* Sources */,
				9724775427297CC600158DD9 /* Frameworks */,
				9724775527297CC600158DD9 /* Resources */,
				FF5BC665F1F5B1CAC91D8F40 /* [CP] Embed Pods Frameworks */,
			);
			buildRules = (
			);
			dependencies = (
			);
			name = FlowersStore;
			productName = FlowersStore;
			productReference = 9724775727297CC600158DD9 /* FlowersStore.app */;
			productType = "com.apple.product-type.application";
		};
		9724776C27297CCD00158DD9 /* FlowersStoreTests */ = {
			isa = PBXNativeTarget;
			buildConfigurationList = 9724778427297CCD00158DD9 /* Build configuration list for PBXNativeTarget "FlowersStoreTests" */;
			buildPhases = (
				1205D07A0D57E675BB32E9FF /* [CP] Check Pods Manifest.lock */,
				9724776927297CCD00158DD9 /* Sources */,
				9724776A27297CCD00158DD9 /* Frameworks */,
				9724776B27297CCD00158DD9 /* Resources */,
			);
			buildRules = (
			);
			dependencies = (
				9724776F27297CCD00158DD9 /* PBXTargetDependency */,
			);
			name = FlowersStoreTests;
			productName = FlowersStoreTests;
			productReference = 9724776D27297CCD00158DD9 /* FlowersStoreTests.xctest */;
			productType = "com.apple.product-type.bundle.unit-test";
		};
/* End PBXNativeTarget section */

/* Begin PBXProject section */
		9724774F27297CC600158DD9 /* Project object */ = {
			isa = PBXProject;
			attributes = {
				BuildIndependentTargetsInParallel = 1;
				LastSwiftUpdateCheck = 1300;
				LastUpgradeCheck = 1300;
				TargetAttributes = {
					9724775627297CC600158DD9 = {
						CreatedOnToolsVersion = 13.0;
					};
					9724776C27297CCD00158DD9 = {
						CreatedOnToolsVersion = 13.0;
						TestTargetID = 9724775627297CC600158DD9;
					};
				};
			};
			buildConfigurationList = 9724775227297CC600158DD9 /* Build configuration list for PBXProject "FlowersStore" */;
			compatibilityVersion = "Xcode 13.0";
			developmentRegion = en;
			hasScannedForEncodings = 0;
			knownRegions = (
				en,
				Base,
			);
			mainGroup = 9724774E27297CC600158DD9;
			productRefGroup = 9724775827297CC600158DD9 /* Products */;
			projectDirPath = "";
			projectRoot = "";
			targets = (
				9724775627297CC600158DD9 /* FlowersStore */,
				9724776C27297CCD00158DD9 /* FlowersStoreTests */,
			);
		};
/* End PBXProject section */

/* Begin PBXResourcesBuildPhase section */
		9724775527297CC600158DD9 /* Resources */ = {
			isa = PBXResourcesBuildPhase;
			buildActionMask = 2147483647;
			files = (
				9724776727297CCC00158DD9 /* LaunchScreen.storyboard in Resources */,
				06C491BF272981F3005C6CF2 /* GoogleService-Info.plist in Resources */,
				9724776427297CCC00158DD9 /* Assets.xcassets in Resources */,
			);
			runOnlyForDeploymentPostprocessing = 0;
		};
		9724776B27297CCD00158DD9 /* Resources */ = {
			isa = PBXResourcesBuildPhase;
			buildActionMask = 2147483647;
			files = (
				9B172BAA274E6922009230AE /* flowers.json in Resources */,
			);
			runOnlyForDeploymentPostprocessing = 0;
		};
/* End PBXResourcesBuildPhase section */

/* Begin PBXShellScriptBuildPhase section */
		1205D07A0D57E675BB32E9FF /* [CP] Check Pods Manifest.lock */ = {
			isa = PBXShellScriptBuildPhase;
			buildActionMask = 2147483647;
			files = (
			);
			inputFileListPaths = (
			);
			inputPaths = (
				"${PODS_PODFILE_DIR_PATH}/Podfile.lock",
				"${PODS_ROOT}/Manifest.lock",
			);
			name = "[CP] Check Pods Manifest.lock";
			outputFileListPaths = (
			);
			outputPaths = (
				"$(DERIVED_FILE_DIR)/Pods-FlowersStoreTests-checkManifestLockResult.txt",
			);
			runOnlyForDeploymentPostprocessing = 0;
			shellPath = /bin/sh;
			shellScript = "diff \"${PODS_PODFILE_DIR_PATH}/Podfile.lock\" \"${PODS_ROOT}/Manifest.lock\" > /dev/null\nif [ $? != 0 ] ; then\n    # print error to STDERR\n    echo \"error: The sandbox is not in sync with the Podfile.lock. Run 'pod install' or update your CocoaPods installation.\" >&2\n    exit 1\nfi\n# This output is used by Xcode 'outputs' to avoid re-running this script phase.\necho \"SUCCESS\" > \"${SCRIPT_OUTPUT_FILE_0}\"\n";
			showEnvVarsInLog = 0;
		};
		5A4C7B7B4B6BF1C33B4DAB54 /* [CP] Check Pods Manifest.lock */ = {
			isa = PBXShellScriptBuildPhase;
			buildActionMask = 2147483647;
			files = (
			);
			inputFileListPaths = (
			);
			inputPaths = (
				"${PODS_PODFILE_DIR_PATH}/Podfile.lock",
				"${PODS_ROOT}/Manifest.lock",
			);
			name = "[CP] Check Pods Manifest.lock";
			outputFileListPaths = (
			);
			outputPaths = (
				"$(DERIVED_FILE_DIR)/Pods-FlowersStore-checkManifestLockResult.txt",
			);
			runOnlyForDeploymentPostprocessing = 0;
			shellPath = /bin/sh;
			shellScript = "diff \"${PODS_PODFILE_DIR_PATH}/Podfile.lock\" \"${PODS_ROOT}/Manifest.lock\" > /dev/null\nif [ $? != 0 ] ; then\n    # print error to STDERR\n    echo \"error: The sandbox is not in sync with the Podfile.lock. Run 'pod install' or update your CocoaPods installation.\" >&2\n    exit 1\nfi\n# This output is used by Xcode 'outputs' to avoid re-running this script phase.\necho \"SUCCESS\" > \"${SCRIPT_OUTPUT_FILE_0}\"\n";
			showEnvVarsInLog = 0;
		};
		FF5BC665F1F5B1CAC91D8F40 /* [CP] Embed Pods Frameworks */ = {
			isa = PBXShellScriptBuildPhase;
			buildActionMask = 2147483647;
			files = (
			);
			inputFileListPaths = (
				"${PODS_ROOT}/Target Support Files/Pods-FlowersStore/Pods-FlowersStore-frameworks-${CONFIGURATION}-input-files.xcfilelist",
			);
			name = "[CP] Embed Pods Frameworks";
			outputFileListPaths = (
				"${PODS_ROOT}/Target Support Files/Pods-FlowersStore/Pods-FlowersStore-frameworks-${CONFIGURATION}-output-files.xcfilelist",
			);
			runOnlyForDeploymentPostprocessing = 0;
			shellPath = /bin/sh;
			shellScript = "\"${PODS_ROOT}/Target Support Files/Pods-FlowersStore/Pods-FlowersStore-frameworks.sh\"\n";
			showEnvVarsInLog = 0;
		};
/* End PBXShellScriptBuildPhase section */

/* Begin PBXSourcesBuildPhase section */
		9724775327297CC600158DD9 /* Sources */ = {
			isa = PBXSourcesBuildPhase;
			buildActionMask = 2147483647;
			files = (
				9B06DF74272ACC0B00DA2F83 /* FlowersListViewController.swift in Sources */,
				C88A1FE6272AD1B600ECCBDE /* ViewCode.swift in Sources */,
				9B172BA6274E66F0009230AE /* Flower.swift in Sources */,
				9B06DF78272ACD6F00DA2F83 /* FlowersListView.swift in Sources */,
				C8E24D1B274D158E008B5F6E /* UICollectionViewStub.swift in Sources */,
				C88A1FE8272AD2EA00ECCBDE /* UIView+Constraints.swift in Sources */,
				9724775B27297CC600158DD9 /* AppDelegate.swift in Sources */,
				9724775D27297CC600158DD9 /* SceneDelegate.swift in Sources */,
				88BD0DD22732B77D00EB958B /* FlowerItemCell.swift in Sources */,
				068901E0273A9E4400CE4F32 /* FlowersListCollectionViewFlowLayout.swift in Sources */,
			);
			runOnlyForDeploymentPostprocessing = 0;
		};
		9724776927297CCD00158DD9 /* Sources */ = {
			isa = PBXSourcesBuildPhase;
			buildActionMask = 2147483647;
			files = (
				C88A2091273BF05700ECCBDE /* FlowerListViewControllerTests.swift in Sources */,
				584939CC273BF5BA00746224 /* FlowersListViewTests.swift in Sources */,
			);
			runOnlyForDeploymentPostprocessing = 0;
		};
/* End PBXSourcesBuildPhase section */

/* Begin PBXTargetDependency section */
		9724776F27297CCD00158DD9 /* PBXTargetDependency */ = {
			isa = PBXTargetDependency;
			target = 9724775627297CC600158DD9 /* FlowersStore */;
			targetProxy = 9724776E27297CCD00158DD9 /* PBXContainerItemProxy */;
		};
/* End PBXTargetDependency section */

/* Begin PBXVariantGroup section */
		9724776527297CCC00158DD9 /* LaunchScreen.storyboard */ = {
			isa = PBXVariantGroup;
			children = (
				9724776627297CCC00158DD9 /* Base */,
			);
			name = LaunchScreen.storyboard;
			sourceTree = "<group>";
		};
/* End PBXVariantGroup section */

/* Begin XCBuildConfiguration section */
		9724777F27297CCD00158DD9 /* Debug */ = {
			isa = XCBuildConfiguration;
			buildSettings = {
				ALWAYS_SEARCH_USER_PATHS = NO;
				CLANG_ANALYZER_NONNULL = YES;
				CLANG_ANALYZER_NUMBER_OBJECT_CONVERSION = YES_AGGRESSIVE;
				CLANG_CXX_LANGUAGE_STANDARD = "gnu++17";
				CLANG_CXX_LIBRARY = "libc++";
				CLANG_ENABLE_MODULES = YES;
				CLANG_ENABLE_OBJC_ARC = YES;
				CLANG_ENABLE_OBJC_WEAK = YES;
				CLANG_WARN_BLOCK_CAPTURE_AUTORELEASING = YES;
				CLANG_WARN_BOOL_CONVERSION = YES;
				CLANG_WARN_COMMA = YES;
				CLANG_WARN_CONSTANT_CONVERSION = YES;
				CLANG_WARN_DEPRECATED_OBJC_IMPLEMENTATIONS = YES;
				CLANG_WARN_DIRECT_OBJC_ISA_USAGE = YES_ERROR;
				CLANG_WARN_DOCUMENTATION_COMMENTS = YES;
				CLANG_WARN_EMPTY_BODY = YES;
				CLANG_WARN_ENUM_CONVERSION = YES;
				CLANG_WARN_INFINITE_RECURSION = YES;
				CLANG_WARN_INT_CONVERSION = YES;
				CLANG_WARN_NON_LITERAL_NULL_CONVERSION = YES;
				CLANG_WARN_OBJC_IMPLICIT_RETAIN_SELF = YES;
				CLANG_WARN_OBJC_LITERAL_CONVERSION = YES;
				CLANG_WARN_OBJC_ROOT_CLASS = YES_ERROR;
				CLANG_WARN_QUOTED_INCLUDE_IN_FRAMEWORK_HEADER = YES;
				CLANG_WARN_RANGE_LOOP_ANALYSIS = YES;
				CLANG_WARN_STRICT_PROTOTYPES = YES;
				CLANG_WARN_SUSPICIOUS_MOVE = YES;
				CLANG_WARN_UNGUARDED_AVAILABILITY = YES_AGGRESSIVE;
				CLANG_WARN_UNREACHABLE_CODE = YES;
				CLANG_WARN__DUPLICATE_METHOD_MATCH = YES;
				COPY_PHASE_STRIP = NO;
				DEBUG_INFORMATION_FORMAT = dwarf;
				ENABLE_STRICT_OBJC_MSGSEND = YES;
				ENABLE_TESTABILITY = YES;
				GCC_C_LANGUAGE_STANDARD = gnu11;
				GCC_DYNAMIC_NO_PIC = NO;
				GCC_NO_COMMON_BLOCKS = YES;
				GCC_OPTIMIZATION_LEVEL = 0;
				GCC_PREPROCESSOR_DEFINITIONS = (
					"DEBUG=1",
					"$(inherited)",
				);
				GCC_WARN_64_TO_32_BIT_CONVERSION = YES;
				GCC_WARN_ABOUT_RETURN_TYPE = YES_ERROR;
				GCC_WARN_UNDECLARED_SELECTOR = YES;
				GCC_WARN_UNINITIALIZED_AUTOS = YES_AGGRESSIVE;
				GCC_WARN_UNUSED_FUNCTION = YES;
				GCC_WARN_UNUSED_VARIABLE = YES;
				IPHONEOS_DEPLOYMENT_TARGET = 15.0;
				MTL_ENABLE_DEBUG_INFO = INCLUDE_SOURCE;
				MTL_FAST_MATH = YES;
				ONLY_ACTIVE_ARCH = YES;
				SDKROOT = iphoneos;
				SWIFT_ACTIVE_COMPILATION_CONDITIONS = DEBUG;
				SWIFT_OPTIMIZATION_LEVEL = "-Onone";
			};
			name = Debug;
		};
		9724778027297CCD00158DD9 /* Release */ = {
			isa = XCBuildConfiguration;
			buildSettings = {
				ALWAYS_SEARCH_USER_PATHS = NO;
				CLANG_ANALYZER_NONNULL = YES;
				CLANG_ANALYZER_NUMBER_OBJECT_CONVERSION = YES_AGGRESSIVE;
				CLANG_CXX_LANGUAGE_STANDARD = "gnu++17";
				CLANG_CXX_LIBRARY = "libc++";
				CLANG_ENABLE_MODULES = YES;
				CLANG_ENABLE_OBJC_ARC = YES;
				CLANG_ENABLE_OBJC_WEAK = YES;
				CLANG_WARN_BLOCK_CAPTURE_AUTORELEASING = YES;
				CLANG_WARN_BOOL_CONVERSION = YES;
				CLANG_WARN_COMMA = YES;
				CLANG_WARN_CONSTANT_CONVERSION = YES;
				CLANG_WARN_DEPRECATED_OBJC_IMPLEMENTATIONS = YES;
				CLANG_WARN_DIRECT_OBJC_ISA_USAGE = YES_ERROR;
				CLANG_WARN_DOCUMENTATION_COMMENTS = YES;
				CLANG_WARN_EMPTY_BODY = YES;
				CLANG_WARN_ENUM_CONVERSION = YES;
				CLANG_WARN_INFINITE_RECURSION = YES;
				CLANG_WARN_INT_CONVERSION = YES;
				CLANG_WARN_NON_LITERAL_NULL_CONVERSION = YES;
				CLANG_WARN_OBJC_IMPLICIT_RETAIN_SELF = YES;
				CLANG_WARN_OBJC_LITERAL_CONVERSION = YES;
				CLANG_WARN_OBJC_ROOT_CLASS = YES_ERROR;
				CLANG_WARN_QUOTED_INCLUDE_IN_FRAMEWORK_HEADER = YES;
				CLANG_WARN_RANGE_LOOP_ANALYSIS = YES;
				CLANG_WARN_STRICT_PROTOTYPES = YES;
				CLANG_WARN_SUSPICIOUS_MOVE = YES;
				CLANG_WARN_UNGUARDED_AVAILABILITY = YES_AGGRESSIVE;
				CLANG_WARN_UNREACHABLE_CODE = YES;
				CLANG_WARN__DUPLICATE_METHOD_MATCH = YES;
				COPY_PHASE_STRIP = NO;
				DEBUG_INFORMATION_FORMAT = "dwarf-with-dsym";
				ENABLE_NS_ASSERTIONS = NO;
				ENABLE_STRICT_OBJC_MSGSEND = YES;
				GCC_C_LANGUAGE_STANDARD = gnu11;
				GCC_NO_COMMON_BLOCKS = YES;
				GCC_WARN_64_TO_32_BIT_CONVERSION = YES;
				GCC_WARN_ABOUT_RETURN_TYPE = YES_ERROR;
				GCC_WARN_UNDECLARED_SELECTOR = YES;
				GCC_WARN_UNINITIALIZED_AUTOS = YES_AGGRESSIVE;
				GCC_WARN_UNUSED_FUNCTION = YES;
				GCC_WARN_UNUSED_VARIABLE = YES;
				IPHONEOS_DEPLOYMENT_TARGET = 15.0;
				MTL_ENABLE_DEBUG_INFO = NO;
				MTL_FAST_MATH = YES;
				SDKROOT = iphoneos;
				SWIFT_COMPILATION_MODE = wholemodule;
				SWIFT_OPTIMIZATION_LEVEL = "-O";
				VALIDATE_PRODUCT = YES;
			};
			name = Release;
		};
		9724778227297CCD00158DD9 /* Debug */ = {
			isa = XCBuildConfiguration;
			baseConfigurationReference = 9DF5EFB8670B9CBC32486B1F /* Pods-FlowersStore.debug.xcconfig */;
			buildSettings = {
				ASSETCATALOG_COMPILER_APPICON_NAME = AppIcon;
				ASSETCATALOG_COMPILER_GLOBAL_ACCENT_COLOR_NAME = AccentColor;
				CODE_SIGN_STYLE = Automatic;
				CURRENT_PROJECT_VERSION = 1;
				DEVELOPMENT_TEAM = 4AT6B8R6CS;
				GENERATE_INFOPLIST_FILE = YES;
				INFOPLIST_FILE = FlowersStore/Info.plist;
				INFOPLIST_KEY_UIApplicationSupportsIndirectInputEvents = YES;
				INFOPLIST_KEY_UILaunchStoryboardName = LaunchScreen;
				INFOPLIST_KEY_UISupportedInterfaceOrientations_iPad = "UIInterfaceOrientationPortrait UIInterfaceOrientationPortraitUpsideDown UIInterfaceOrientationLandscapeLeft UIInterfaceOrientationLandscapeRight";
				INFOPLIST_KEY_UISupportedInterfaceOrientations_iPhone = "UIInterfaceOrientationPortrait UIInterfaceOrientationLandscapeLeft UIInterfaceOrientationLandscapeRight";
				LD_RUNPATH_SEARCH_PATHS = (
					"$(inherited)",
					"@executable_path/Frameworks",
				);
				MARKETING_VERSION = 1.0;
				PRODUCT_BUNDLE_IDENTIFIER = br.com.FlowersStore;
				PRODUCT_NAME = "$(TARGET_NAME)";
				SWIFT_EMIT_LOC_STRINGS = YES;
				SWIFT_VERSION = 5.0;
				TARGETED_DEVICE_FAMILY = "1,2";
			};
			name = Debug;
		};
		9724778327297CCD00158DD9 /* Release */ = {
			isa = XCBuildConfiguration;
			baseConfigurationReference = CFD78FEF3D61F88B30FDDA74 /* Pods-FlowersStore.release.xcconfig */;
			buildSettings = {
				ASSETCATALOG_COMPILER_APPICON_NAME = AppIcon;
				ASSETCATALOG_COMPILER_GLOBAL_ACCENT_COLOR_NAME = AccentColor;
				CODE_SIGN_STYLE = Automatic;
				CURRENT_PROJECT_VERSION = 1;
				DEVELOPMENT_TEAM = 4AT6B8R6CS;
				GENERATE_INFOPLIST_FILE = YES;
				INFOPLIST_FILE = FlowersStore/Info.plist;
				INFOPLIST_KEY_UIApplicationSupportsIndirectInputEvents = YES;
				INFOPLIST_KEY_UILaunchStoryboardName = LaunchScreen;
				INFOPLIST_KEY_UISupportedInterfaceOrientations_iPad = "UIInterfaceOrientationPortrait UIInterfaceOrientationPortraitUpsideDown UIInterfaceOrientationLandscapeLeft UIInterfaceOrientationLandscapeRight";
				INFOPLIST_KEY_UISupportedInterfaceOrientations_iPhone = "UIInterfaceOrientationPortrait UIInterfaceOrientationLandscapeLeft UIInterfaceOrientationLandscapeRight";
				LD_RUNPATH_SEARCH_PATHS = (
					"$(inherited)",
					"@executable_path/Frameworks",
				);
				MARKETING_VERSION = 1.0;
				PRODUCT_BUNDLE_IDENTIFIER = br.com.FlowersStore;
				PRODUCT_NAME = "$(TARGET_NAME)";
				SWIFT_EMIT_LOC_STRINGS = YES;
				SWIFT_VERSION = 5.0;
				TARGETED_DEVICE_FAMILY = "1,2";
			};
			name = Release;
		};
		9724778527297CCD00158DD9 /* Debug */ = {
			isa = XCBuildConfiguration;
			baseConfigurationReference = 943D62C7FB6E913807C3C76D /* Pods-FlowersStoreTests.debug.xcconfig */;
			buildSettings = {
				ALWAYS_EMBED_SWIFT_STANDARD_LIBRARIES = YES;
				BUNDLE_LOADER = "$(TEST_HOST)";
				CODE_SIGN_STYLE = Automatic;
				CURRENT_PROJECT_VERSION = 1;
				DEVELOPMENT_TEAM = 4AT6B8R6CS;
				GENERATE_INFOPLIST_FILE = YES;
				IPHONEOS_DEPLOYMENT_TARGET = 15.0;
				LD_RUNPATH_SEARCH_PATHS = (
					"$(inherited)",
					"@executable_path/Frameworks",
					"@loader_path/Frameworks",
				);
				MARKETING_VERSION = 1.0;
				PRODUCT_BUNDLE_IDENTIFIER = br.com.leonir.deolindo.FlowersStoreTests;
				PRODUCT_NAME = "$(TARGET_NAME)";
				SWIFT_EMIT_LOC_STRINGS = NO;
				SWIFT_VERSION = 5.0;
				TARGETED_DEVICE_FAMILY = "1,2";
				TEST_HOST = "$(BUILT_PRODUCTS_DIR)/FlowersStore.app/FlowersStore";
			};
			name = Debug;
		};
		9724778627297CCD00158DD9 /* Release */ = {
			isa = XCBuildConfiguration;
			baseConfigurationReference = D55641B5759F5ADCBC7704CF /* Pods-FlowersStoreTests.release.xcconfig */;
			buildSettings = {
				ALWAYS_EMBED_SWIFT_STANDARD_LIBRARIES = YES;
				BUNDLE_LOADER = "$(TEST_HOST)";
				CODE_SIGN_STYLE = Automatic;
				CURRENT_PROJECT_VERSION = 1;
				DEVELOPMENT_TEAM = 4AT6B8R6CS;
				GENERATE_INFOPLIST_FILE = YES;
				IPHONEOS_DEPLOYMENT_TARGET = 15.0;
				LD_RUNPATH_SEARCH_PATHS = (
					"$(inherited)",
					"@executable_path/Frameworks",
					"@loader_path/Frameworks",
				);
				MARKETING_VERSION = 1.0;
				PRODUCT_BUNDLE_IDENTIFIER = br.com.leonir.deolindo.FlowersStoreTests;
				PRODUCT_NAME = "$(TARGET_NAME)";
				SWIFT_EMIT_LOC_STRINGS = NO;
				SWIFT_VERSION = 5.0;
				TARGETED_DEVICE_FAMILY = "1,2";
				TEST_HOST = "$(BUILT_PRODUCTS_DIR)/FlowersStore.app/FlowersStore";
			};
			name = Release;
		};
/* End XCBuildConfiguration section */

/* Begin XCConfigurationList section */
		9724775227297CC600158DD9 /* Build configuration list for PBXProject "FlowersStore" */ = {
			isa = XCConfigurationList;
			buildConfigurations = (
				9724777F27297CCD00158DD9 /* Debug */,
				9724778027297CCD00158DD9 /* Release */,
			);
			defaultConfigurationIsVisible = 0;
			defaultConfigurationName = Release;
		};
		9724778127297CCD00158DD9 /* Build configuration list for PBXNativeTarget "FlowersStore" */ = {
			isa = XCConfigurationList;
			buildConfigurations = (
				9724778227297CCD00158DD9 /* Debug */,
				9724778327297CCD00158DD9 /* Release */,
			);
			defaultConfigurationIsVisible = 0;
			defaultConfigurationName = Release;
		};
		9724778427297CCD00158DD9 /* Build configuration list for PBXNativeTarget "FlowersStoreTests" */ = {
			isa = XCConfigurationList;
			buildConfigurations = (
				9724778527297CCD00158DD9 /* Debug */,
				9724778627297CCD00158DD9 /* Release */,
			);
			defaultConfigurationIsVisible = 0;
			defaultConfigurationName = Release;
		};
/* End XCConfigurationList section */
	};
	rootObject = 9724774F27297CC600158DD9 /* Project object */;
}
