<?xml version="1.0" encoding="UTF-8"?>
<Scheme
   LastUpgradeVersion = "1300"
   version = "1.7">
   <BuildAction
      parallelizeBuildables = "YES"
      buildImplicitDependencies = "YES">
      <PostActions>
         <ExecutionAction
            ActionType = "Xcode.IDEStandardExecutionActionsCore.ExecutionActionType.ShellScriptAction">
            <ActionContent
               title = "Run Script"
               scriptText = "${SRCROOT}/XCMetrics/XCMetricsLauncher ${SRCROOT}/XCMetrics/xcmetrics --name ${TARGET_NAME} --buildDir ${BUILD_DIR} --isCI false --skipNotes false --serviceURL https://d074-177-104-65-251.ngrok.io/v1/metrics&#10;">
               <EnvironmentBuildable>
                  <BuildableReference
                     BuildableIdentifier = "primary"
                     BlueprintIdentifier = "9724775627297CC600158DD9"
                     BuildableName = "FlowersStore.app"
                     BlueprintName = "FlowersStore"
                     ReferencedContainer = "container:FlowersStore.xcodeproj">
                  </BuildableReference>
               </EnvironmentBuildable>
            </ActionContent>
         </ExecutionAction>
      </PostActions>
      <BuildActionEntries>
         <BuildActionEntry
            buildForTesting = "YES"
            buildForRunning = "YES"
            buildForProfiling = "YES"
            buildForArchiving = "YES"
            buildForAnalyzing = "YES">
            <BuildableReference
               BuildableIdentifier = "primary"
               BlueprintIdentifier = "9724775627297CC600158DD9"
               BuildableName = "FlowersStore.app"
               BlueprintName = "FlowersStore"
               ReferencedContainer = "container:FlowersStore.xcodeproj">
            </BuildableReference>
         </BuildActionEntry>
      </BuildActionEntries>
   </BuildAction>
   <TestAction
      buildConfiguration = "Debug"
      selectedDebuggerIdentifier = "Xcode.DebuggerFoundation.Debugger.LLDB"
      selectedLauncherIdentifier = "Xcode.DebuggerFoundation.Launcher.LLDB"
      shouldUseLaunchSchemeArgsEnv = "YES"
      codeCoverageEnabled = "YES">
      <Testables>
         <TestableReference
            skipped = "NO">
            <BuildableReference
               BuildableIdentifier = "primary"
               BlueprintIdentifier = "9724776C27297CCD00158DD9"
               BuildableName = "FlowersStoreTests.xctest"
               BlueprintName = "FlowersStoreTests"
               ReferencedContainer = "container:FlowersStore.xcodeproj">
            </BuildableReference>
         </TestableReference>
      </Testables>
   </TestAction>
   <LaunchAction
      buildConfiguration = "Debug"
      selectedDebuggerIdentifier = "Xcode.DebuggerFoundation.Debugger.LLDB"
      selectedLauncherIdentifier = "Xcode.DebuggerFoundation.Launcher.LLDB"
      launchStyle = "0"
      useCustomWorkingDirectory = "NO"
      ignoresPersistentStateOnLaunch = "NO"
      debugDocumentVersioning = "YES"
      debugServiceExtension = "internal"
      allowLocationSimulation = "YES">
      <BuildableProductRunnable
         runnableDebuggingMode = "0">
         <BuildableReference
            BuildableIdentifier = "primary"
            BlueprintIdentifier = "9724775627297CC600158DD9"
            BuildableName = "FlowersStore.app"
            BlueprintName = "FlowersStore"
            ReferencedContainer = "container:FlowersStore.xcodeproj">
         </BuildableReference>
      </BuildableProductRunnable>
   </LaunchAction>
   <ProfileAction
      buildConfiguration = "Release"
      shouldUseLaunchSchemeArgsEnv = "YES"
      savedToolIdentifier = ""
      useCustomWorkingDirectory = "NO"
      debugDocumentVersioning = "YES">
      <BuildableProductRunnable
         runnableDebuggingMode = "0">
         <BuildableReference
            BuildableIdentifier = "primary"
            BlueprintIdentifier = "9724775627297CC600158DD9"
            BuildableName = "FlowersStore.app"
            BlueprintName = "FlowersStore"
            ReferencedContainer = "container:FlowersStore.xcodeproj">
         </BuildableReference>
      </BuildableProductRunnable>
   </ProfileAction>
   <AnalyzeAction
      buildConfiguration = "Debug">
   </AnalyzeAction>
   <ArchiveAction
      buildConfiguration = "Release"
      revealArchiveInOrganizer = "YES">
   </ArchiveAction>
</Scheme>
